
Microsoft Visual Studio Solution File, Format Version 12.00
# Visual Studio Version 17
VisualStudioVersion = 17.7.34031.279
MinimumVisualStudioVersion = 10.0.40219.1
Project("{FAE04EC0-301F-11D3-BF4B-00C04F79EFBC}") = "ZomboidMapCopy", "ZomboidMapCopy\ZomboidMapCopy.csproj", "{84E94981-4A97-4691-A0DB-1EA7A8917955}"
EndProject
Global
	GlobalSection(SolutionConfigurationPlatforms) = preSolution
		Debug|Any CPU = Debug|Any CPU
		Release|Any CPU = Release|Any CPU
	EndGlobalSection
	GlobalSection(ProjectConfigurationPlatforms) = postSolution
		{84E94981-4A97-4691-A0DB-1EA7A8917955}.Debug|Any CPU.ActiveCfg = Debug|Any CPU
		{84E94981-4A97-4691-A0DB-1EA7A8917955}.Debug|Any CPU.Build.0 = Debug|Any CPU
		{84E94981-4A97-4691-A0DB-1EA7A8917955}.Release|Any CPU.ActiveCfg = Release|Any CPU
		{84E94981-4A97-4691-A0DB-1EA7A8917955}.Release|Any CPU.Build.0 = Release|Any CPU
	EndGlobalSection
	GlobalSection(SolutionProperties) = preSolution
		HideSolutionNode = FALSE
	EndGlobalSection
	GlobalSection(ExtensibilityGlobals) = postSolution
		SolutionGuid = {773C7616-3CBB-4848-A62A-FEB718555D8E}
	EndGlobalSection
EndGlobal
